
Microsoft Visual Studio Solution File, Format Version 12.00
# Visual Studio Version 17
VisualStudioVersion = 17.5.002.0
MinimumVisualStudioVersion = 10.0.40219.1
Project("{9A19103F-16F7-4668-BE54-9A1E7A4F7556}") = "chore_score", "chore_score.csproj", "{F98E726C-76DF-46DC-95B9-C31EE71CFBD6}"
EndProject
Global
	GlobalSection(SolutionConfigurationPlatforms) = preSolution
		Debug|Any CPU = Debug|Any CPU
		Release|Any CPU = Release|Any CPU
	EndGlobalSection
	GlobalSection(ProjectConfigurationPlatforms) = postSolution
		{F98E726C-76DF-46DC-95B9-C31EE71CFBD6}.Debug|Any CPU.ActiveCfg = Debug|Any CPU
		{F98E726C-76DF-46DC-95B9-C31EE71CFBD6}.Debug|Any CPU.Build.0 = Debug|Any CPU
		{F98E726C-76DF-46DC-95B9-C31EE71CFBD6}.Release|Any CPU.ActiveCfg = Release|Any CPU
		{F98E726C-76DF-46DC-95B9-C31EE71CFBD6}.Release|Any CPU.Build.0 = Release|Any CPU
	EndGlobalSection
	GlobalSection(SolutionProperties) = preSolution
		HideSolutionNode = FALSE
	EndGlobalSection
	GlobalSection(ExtensibilityGlobals) = postSolution
		SolutionGuid = {242D3690-B191-41D5-8ED8-810C678F7766}
	EndGlobalSection
EndGlobal
